{
  "version": 4,
  "terraform_version": "1.2.6",
  "serial": 44,
  "lineage": "381dc62c-2184-f873-4897-490df59eb709",
  "outputs": {
    "key_name": {
      "value": "homework-aca-keypair",
      "type": "string"
    },
    "public_ip": {
      "value": "3.215.115.139",
      "type": "string"
    },
    "ssh_keypair": {
      "value": "-----BEGIN RSA PRIVATE KEY-----\nMIIEpAIBAAKCAQEAqle/FejTJDQuevGiw/CxTrLPIZfJVhubA70imCinc5o+SZhu\npiLkpnrjiGBSQf6B2pYuj2WPTOaZsuNn0Z4i4kKa/nGtfRj3PBZUJXpuzYge+v0j\nvudTaX7xu2dyUAMAne6OBG0c08mc1c/e7JOsxo/deQs+/05dWt4L2bbCS8P9GNFX\nPKYV7TTSXeR0lqD4mlMmUl2ebf8nCOjl4JeCidEV0Ydgj/EmLMBirovWJDyGp11N\nlDP9liqMNVEoDwdFsCW/TAbh6pKPN4NcdXIaqsJC3FqvKuPKYbjhebt87muedLrw\nkHU4mjk8BvvJVOaeVxv26kBmbmuzAsDvnY3v6QIDAQABAoIBAQCM/NFQrgLMDVCH\nO6YvLPFkJMUhlcLzvSeBYbLXY5atLPXu7fZvFaRQUpgukSKkMqWBqRniX/nKeXav\nRF7ydUOEKAKnJKmmR9qh5g1Bc+NvxAF4VbqXUFmOkJ49MTLBHKsPDJqI+VKJzG49\n3a4x+0xekEaL4A4FO/QyuGPwj76i+7uxaiOA/vMtICZ9wY6+qW4JXSzCKeLZdKBP\noAEQZXXIBRUq+ygnk0/y2meakfbzhJ+JC3MRfFYlyaI70y7/Qod6iRnQ/jt8IkLT\nckgzoMgSDZwn2NMB9qeVTTp/M9mDbDYr9bU6B7hLif2YGCVSl7iM4GWSqJvSQxbF\nFlhzavdNAoGBAM3OWTkb7RN5Y5Jbxkn1Lb2RgHSHsasx9yLZ1kOw/T22z16uGXEC\nXqAchZgPQ15ypX1Bmqk5LdSXoutMfx8I1BeIdqgMuxtnC4ORm3PqmxY6Jmr+shwx\n38jjKiD2RX1oNbjV2ADvN+ji2ZbA7r2k2fhQjRcE4YKr1/aWeSQWCvsjAoGBANPj\nOLAdljin0e5zc6YFYoBbAehneCrtgFKB77OEz45QZ4+2HCyoXhP+Ar2SqRLFA0Oc\nAtYOlJKnZjzrfpOO9FiXrM4Oh3XzPBEjYzUA4SWV8j3/myEB1VFkGw8emUq7pC3z\ncRAhK9ttMO02bj3p8+m28e9RrXxsJQCOvxZeHC+DAoGAJvyjHFV0+M5zFWO7UYFX\ns+SfX/PgrVyew4ReuZ4Kqyk5aWczvJvFTzF4AVFK4tZ3ER5fbRU+4FoFa+um3Tsv\n6nFYgQdAXrWLkdYAi9nynShQ5M3w8bRk/0pBTdM5YMNgAe7Ip4ypm711mMBduaFE\nBW1E/QpYqgdhtv3UXwip9d8CgYEAqVwB8IsFim1hGAYB1x6Qt+WGJdumKjHBkrE3\nBbdPKwJLdIvsAynkYHh0elAigdUlIcIuZigrSvkwd9sHRixKVBGP1ve4AGgVh+FQ\nJ4p3a1Jp2HJY7U4I0lCAbFpZzmki9nOR2IGbC31AUSpjfWtlQVawFEilsUDDZqmy\nRM+eGb8CgYB3TA6J2jABes8ULuFqI+Kwr/SPQMKclz3zBYCJ3kcHPRrBqEo1HlYS\nbSUlYjMDNxa/+WAyIXElHlqbFeUJBFEIyL0zBMdQPc1bcJkK51n+zc9B9RbTnx05\nQbOwR2AlSnjLI7qJYdil2AzoP1QYIbsPhY5AEVOJPLHrMVhj9fKA8w==\n-----END RSA PRIVATE KEY-----\n",
      "type": "string",
      "sensitive": true
    }
  },
  "resources": [
    {
      "mode": "managed",
      "type": "aws_instance",
      "name": "ec2",
      "provider": "provider[\"registry.terraform.io/hashicorp/aws\"]",
      "instances": [
        {
          "schema_version": 1,
          "attributes": {
            "ami": "ami-0cff7528ff583bf9a",
            "arn": "arn:aws:ec2:us-east-1:371966658211:instance/i-06226293666d8235f",
            "associate_public_ip_address": true,
            "availability_zone": "us-east-1a",
            "capacity_reservation_specification": [
              {
                "capacity_reservation_preference": "open",
                "capacity_reservation_target": []
              }
            ],
            "cpu_core_count": 1,
            "cpu_threads_per_core": 1,
            "credit_specification": [
              {
                "cpu_credits": "standard"
              }
            ],
            "disable_api_stop": false,
            "disable_api_termination": false,
            "ebs_block_device": [],
            "ebs_optimized": false,
            "enclave_options": [
              {
                "enabled": false
              }
            ],
            "ephemeral_block_device": [],
            "get_password_data": false,
            "hibernation": false,
            "host_id": null,
            "iam_instance_profile": "",
            "id": "i-06226293666d8235f",
            "instance_initiated_shutdown_behavior": "stop",
            "instance_state": "running",
            "instance_type": "t2.micro",
            "ipv6_address_count": 0,
            "ipv6_addresses": [],
            "key_name": "homework-aca-keypair",
            "launch_template": [],
            "maintenance_options": [
              {
                "auto_recovery": "default"
              }
            ],
            "metadata_options": [
              {
                "http_endpoint": "enabled",
                "http_put_response_hop_limit": 1,
                "http_tokens": "optional",
                "instance_metadata_tags": "disabled"
              }
            ],
            "monitoring": false,
            "network_interface": [],
            "outpost_arn": "",
            "password_data": "",
            "placement_group": "",
            "placement_partition_number": null,
            "primary_network_interface_id": "eni-0f8dfa5654027ded7",
            "private_dns": "ip-10-0-0-168.ec2.internal",
            "private_dns_name_options": [
              {
                "enable_resource_name_dns_a_record": false,
                "enable_resource_name_dns_aaaa_record": false,
                "hostname_type": "ip-name"
              }
            ],
            "private_ip": "10.0.0.168",
            "public_dns": "ec2-3-215-115-139.compute-1.amazonaws.com",
            "public_ip": "3.215.115.139",
            "root_block_device": [
              {
                "delete_on_termination": true,
                "device_name": "/dev/xvda",
                "encrypted": false,
                "iops": 100,
                "kms_key_id": "",
                "tags": {},
                "throughput": 0,
                "volume_id": "vol-05e6b4b4c780c1acf",
                "volume_size": 8,
                "volume_type": "gp2"
              }
            ],
            "secondary_private_ips": [],
            "security_groups": [
              "sg-0b4ff8531163bd791"
            ],
            "source_dest_check": true,
            "subnet_id": "subnet-0a60b41c4513d701b",
            "tags": {
              "Name": "homework-aca-ec2"
            },
            "tags_all": {
              "Name": "homework-aca-ec2"
            },
            "tenancy": "default",
            "timeouts": null,
            "user_data": null,
            "user_data_base64": null,
            "user_data_replace_on_change": false,
            "volume_tags": null,
            "vpc_security_group_ids": [
              "sg-0b4ff8531163bd791"
            ]
          },
          "sensitive_attributes": [],
          "private": "eyJlMmJmYjczMC1lY2FhLTExZTYtOGY4OC0zNDM2M2JjN2M0YzAiOnsiY3JlYXRlIjo2MDAwMDAwMDAwMDAsImRlbGV0ZSI6MTIwMDAwMDAwMDAwMCwidXBkYXRlIjo2MDAwMDAwMDAwMDB9LCJzY2hlbWFfdmVyc2lvbiI6IjEifQ==",
          "dependencies": [
            "aws_security_group.public",
            "aws_subnet.public-subnet",
            "aws_vpc.vpc"
          ],
          "create_before_destroy": true
        }
      ]
    },
    {
      "mode": "managed",
      "type": "aws_internet_gateway",
      "name": "internet-gateway",
      "provider": "provider[\"registry.terraform.io/hashicorp/aws\"]",
      "instances": [
        {
          "schema_version": 0,
          "attributes": {
            "arn": "arn:aws:ec2:us-east-1:371966658211:internet-gateway/igw-08d2f2c35948322a0",
            "id": "igw-08d2f2c35948322a0",
            "owner_id": "371966658211",
            "tags": {
              "Name": "homework-aca-ig"
            },
            "tags_all": {
              "Name": "homework-aca-ig"
            },
            "vpc_id": "vpc-02d7e15ed5f865a1d"
          },
          "sensitive_attributes": [],
          "private": "bnVsbA==",
          "dependencies": [
            "aws_vpc.vpc"
          ]
        }
      ]
    },
    {
      "mode": "managed",
      "type": "aws_key_pair",
      "name": "key_pair",
      "provider": "provider[\"registry.terraform.io/hashicorp/aws\"]",
      "instances": [
        {
          "schema_version": 1,
          "attributes": {
            "arn": "arn:aws:ec2:us-east-1:371966658211:key-pair/homework-aca-keypair",
            "fingerprint": "9d:63:0e:ac:b4:0e:6f:0b:ed:0b:61:08:b5:e2:eb:0f",
            "id": "homework-aca-keypair",
            "key_name": "homework-aca-keypair",
            "key_name_prefix": "",
            "key_pair_id": "key-08148c715ef043b3c",
            "key_type": "rsa",
            "public_key": "ssh-rsa AAAAB3NzaC1yc2EAAAADAQABAAABAQCqV78V6NMkNC568aLD8LFOss8hl8lWG5sDvSKYKKdzmj5JmG6mIuSmeuOIYFJB/oHali6PZY9M5pmy42fRniLiQpr+ca19GPc8FlQlem7NiB76/SO+51NpfvG7Z3JQAwCd7o4EbRzTyZzVz97sk6zGj915Cz7/Tl1a3gvZtsJLw/0Y0Vc8phXtNNJd5HSWoPiaUyZSXZ5t/ycI6OXgl4KJ0RXRh2CP8SYswGKui9YkPIanXU2UM/2WKow1USgPB0WwJb9MBuHqko83g1x1chqqwkLcWq8q48phuOF5u3zua550uvCQdTiaOTwG+8lU5p5XG/bqQGZua7MCwO+dje/p",
            "tags": null,
            "tags_all": {}
          },
          "sensitive_attributes": [],
          "private": "eyJzY2hlbWFfdmVyc2lvbiI6IjEifQ==",
          "dependencies": [
            "tls_private_key.key"
          ]
        }
      ]
    },
    {
      "mode": "managed",
      "type": "aws_route_table",
      "name": "public-route-table",
      "provider": "provider[\"registry.terraform.io/hashicorp/aws\"]",
      "instances": [
        {
          "schema_version": 0,
          "attributes": {
            "arn": "arn:aws:ec2:us-east-1:371966658211:route-table/rtb-0663e666475363bf1",
            "id": "rtb-0663e666475363bf1",
            "owner_id": "371966658211",
            "propagating_vgws": [],
            "route": [
              {
                "carrier_gateway_id": "",
                "cidr_block": "0.0.0.0/0",
                "core_network_arn": "",
                "destination_prefix_list_id": "",
                "egress_only_gateway_id": "",
                "gateway_id": "igw-08d2f2c35948322a0",
                "instance_id": "",
                "ipv6_cidr_block": "",
                "local_gateway_id": "",
                "nat_gateway_id": "",
                "network_interface_id": "",
                "transit_gateway_id": "",
                "vpc_endpoint_id": "",
                "vpc_peering_connection_id": ""
              }
            ],
            "tags": {
              "Name": "homework-aca-rt"
            },
            "tags_all": {
              "Name": "homework-aca-rt"
            },
            "timeouts": null,
            "vpc_id": "vpc-02d7e15ed5f865a1d"
          },
          "sensitive_attributes": [],
          "private": "eyJlMmJmYjczMC1lY2FhLTExZTYtOGY4OC0zNDM2M2JjN2M0YzAiOnsiY3JlYXRlIjozMDAwMDAwMDAwMDAsImRlbGV0ZSI6MzAwMDAwMDAwMDAwLCJ1cGRhdGUiOjEyMDAwMDAwMDAwMH19",
          "dependencies": [
            "aws_internet_gateway.internet-gateway",
            "aws_vpc.vpc"
          ]
        }
      ]
    },
    {
      "mode": "managed",
      "type": "aws_route_table_association",
      "name": "subnet-route-table-association",
      "provider": "provider[\"registry.terraform.io/hashicorp/aws\"]",
      "instances": [
        {
          "schema_version": 0,
          "attributes": {
            "gateway_id": "",
            "id": "rtbassoc-09e4ba7fc12448073",
            "route_table_id": "rtb-0663e666475363bf1",
            "subnet_id": "subnet-0a60b41c4513d701b"
          },
          "sensitive_attributes": [],
          "private": "bnVsbA==",
          "dependencies": [
            "aws_internet_gateway.internet-gateway",
            "aws_route_table.public-route-table",
            "aws_subnet.public-subnet",
            "aws_vpc.vpc"
          ]
        }
      ]
    },
    {
      "mode": "managed",
      "type": "aws_security_group",
      "name": "public",
      "provider": "provider[\"registry.terraform.io/hashicorp/aws\"]",
      "instances": [
        {
          "schema_version": 1,
          "attributes": {
            "arn": "arn:aws:ec2:us-east-1:371966658211:security-group/sg-0b4ff8531163bd791",
            "description": "Public internet access",
            "egress": [],
            "id": "sg-0b4ff8531163bd791",
            "ingress": [],
            "name": "homework-aca-public-sg",
            "name_prefix": "",
            "owner_id": "371966658211",
            "revoke_rules_on_delete": false,
            "tags": {
              "Name": "Security Group"
            },
            "tags_all": {
              "Name": "Security Group"
            },
            "timeouts": null,
            "vpc_id": "vpc-02d7e15ed5f865a1d"
          },
          "sensitive_attributes": [],
          "private": "eyJlMmJmYjczMC1lY2FhLTExZTYtOGY4OC0zNDM2M2JjN2M0YzAiOnsiY3JlYXRlIjo2MDAwMDAwMDAwMDAsImRlbGV0ZSI6OTAwMDAwMDAwMDAwfSwic2NoZW1hX3ZlcnNpb24iOiIxIn0=",
          "dependencies": [
            "aws_vpc.vpc"
          ],
          "create_before_destroy": true
        }
      ]
    },
    {
      "mode": "managed",
      "type": "aws_security_group_rule",
      "name": "public-in-http",
      "provider": "provider[\"registry.terraform.io/hashicorp/aws\"]",
      "instances": [
        {
          "schema_version": 2,
          "attributes": {
            "cidr_blocks": [
              "0.0.0.0/0"
            ],
            "description": null,
            "from_port": 80,
            "id": "sgrule-2223964087",
            "ipv6_cidr_blocks": null,
            "prefix_list_ids": null,
            "protocol": "tcp",
            "security_group_id": "sg-0b4ff8531163bd791",
            "self": false,
            "source_security_group_id": null,
            "timeouts": null,
            "to_port": 80,
            "type": "ingress"
          },
          "sensitive_attributes": [],
          "private": "eyJlMmJmYjczMC1lY2FhLTExZTYtOGY4OC0zNDM2M2JjN2M0YzAiOnsiY3JlYXRlIjozMDAwMDAwMDAwMDB9LCJzY2hlbWFfdmVyc2lvbiI6IjIifQ==",
          "dependencies": [
            "aws_security_group.public",
            "aws_vpc.vpc"
          ]
        }
      ]
    },
    {
      "mode": "managed",
      "type": "aws_security_group_rule",
      "name": "public-in-ssh",
      "provider": "provider[\"registry.terraform.io/hashicorp/aws\"]",
      "instances": [
        {
          "schema_version": 2,
          "attributes": {
            "cidr_blocks": [
              "0.0.0.0/0"
            ],
            "description": null,
            "from_port": 22,
            "id": "sgrule-839164418",
            "ipv6_cidr_blocks": null,
            "prefix_list_ids": null,
            "protocol": "tcp",
            "security_group_id": "sg-0b4ff8531163bd791",
            "self": false,
            "source_security_group_id": null,
            "timeouts": null,
            "to_port": 22,
            "type": "ingress"
          },
          "sensitive_attributes": [],
          "private": "eyJlMmJmYjczMC1lY2FhLTExZTYtOGY4OC0zNDM2M2JjN2M0YzAiOnsiY3JlYXRlIjozMDAwMDAwMDAwMDB9LCJzY2hlbWFfdmVyc2lvbiI6IjIifQ==",
          "dependencies": [
            "aws_security_group.public",
            "aws_vpc.vpc"
          ]
        }
      ]
    },
    {
      "mode": "managed",
      "type": "aws_security_group_rule",
      "name": "public_out",
      "provider": "provider[\"registry.terraform.io/hashicorp/aws\"]",
      "instances": [
        {
          "schema_version": 2,
          "attributes": {
            "cidr_blocks": [
              "0.0.0.0/0"
            ],
            "description": null,
            "from_port": 0,
            "id": "sgrule-2020719038",
            "ipv6_cidr_blocks": null,
            "prefix_list_ids": null,
            "protocol": "-1",
            "security_group_id": "sg-0b4ff8531163bd791",
            "self": false,
            "source_security_group_id": null,
            "timeouts": null,
            "to_port": 0,
            "type": "egress"
          },
          "sensitive_attributes": [],
          "private": "eyJlMmJmYjczMC1lY2FhLTExZTYtOGY4OC0zNDM2M2JjN2M0YzAiOnsiY3JlYXRlIjozMDAwMDAwMDAwMDB9LCJzY2hlbWFfdmVyc2lvbiI6IjIifQ==",
          "dependencies": [
            "aws_security_group.public",
            "aws_vpc.vpc"
          ]
        }
      ]
    },
    {
      "mode": "managed",
      "type": "aws_subnet",
      "name": "public-subnet",
      "provider": "provider[\"registry.terraform.io/hashicorp/aws\"]",
      "instances": [
        {
          "schema_version": 1,
          "attributes": {
            "arn": "arn:aws:ec2:us-east-1:371966658211:subnet/subnet-0a60b41c4513d701b",
            "assign_ipv6_address_on_creation": false,
            "availability_zone": "us-east-1a",
            "availability_zone_id": "use1-az1",
            "cidr_block": "10.0.0.0/24",
            "customer_owned_ipv4_pool": "",
            "enable_dns64": false,
            "enable_resource_name_dns_a_record_on_launch": false,
            "enable_resource_name_dns_aaaa_record_on_launch": false,
            "id": "subnet-0a60b41c4513d701b",
            "ipv6_cidr_block": "",
            "ipv6_cidr_block_association_id": "",
            "ipv6_native": false,
            "map_customer_owned_ip_on_launch": false,
            "map_public_ip_on_launch": true,
            "outpost_arn": "",
            "owner_id": "371966658211",
            "private_dns_hostname_type_on_launch": "ip-name",
            "tags": {
              "Name": "homework-aca-subnet"
            },
            "tags_all": {
              "Name": "homework-aca-subnet"
            },
            "timeouts": null,
            "vpc_id": "vpc-02d7e15ed5f865a1d"
          },
          "sensitive_attributes": [],
          "private": "eyJlMmJmYjczMC1lY2FhLTExZTYtOGY4OC0zNDM2M2JjN2M0YzAiOnsiY3JlYXRlIjo2MDAwMDAwMDAwMDAsImRlbGV0ZSI6MTIwMDAwMDAwMDAwMH0sInNjaGVtYV92ZXJzaW9uIjoiMSJ9",
          "dependencies": [
            "aws_vpc.vpc"
          ],
          "create_before_destroy": true
        }
      ]
    },
    {
      "mode": "managed",
      "type": "aws_vpc",
      "name": "vpc",
      "provider": "provider[\"registry.terraform.io/hashicorp/aws\"]",
      "instances": [
        {
          "schema_version": 1,
          "attributes": {
            "arn": "arn:aws:ec2:us-east-1:371966658211:vpc/vpc-02d7e15ed5f865a1d",
            "assign_generated_ipv6_cidr_block": false,
            "cidr_block": "10.0.0.0/16",
            "default_network_acl_id": "acl-01ca97c806fbe3790",
            "default_route_table_id": "rtb-0cb628be4bd4b680f",
            "default_security_group_id": "sg-0cc6dcc94bc74ea30",
            "dhcp_options_id": "dopt-0b0bdc3eef0d12692",
            "enable_classiclink": false,
            "enable_classiclink_dns_support": false,
            "enable_dns_hostnames": true,
            "enable_dns_support": true,
            "id": "vpc-02d7e15ed5f865a1d",
            "instance_tenancy": "default",
            "ipv4_ipam_pool_id": null,
            "ipv4_netmask_length": null,
            "ipv6_association_id": "",
            "ipv6_cidr_block": "",
            "ipv6_cidr_block_network_border_group": "",
            "ipv6_ipam_pool_id": "",
            "ipv6_netmask_length": 0,
            "main_route_table_id": "rtb-0cb628be4bd4b680f",
            "owner_id": "371966658211",
            "tags": {
              "Name": "homework-aca-vpc"
            },
            "tags_all": {
              "Name": "homework-aca-vpc"
            }
          },
          "sensitive_attributes": [],
          "private": "eyJzY2hlbWFfdmVyc2lvbiI6IjEifQ==",
          "create_before_destroy": true
        }
      ]
    },
    {
      "mode": "managed",
      "type": "local_sensitive_file",
      "name": "private_key",
      "provider": "provider[\"registry.terraform.io/hashicorp/local\"]",
      "instances": [
        {
          "schema_version": 0,
          "attributes": {
            "content": "-----BEGIN RSA PRIVATE KEY-----\nMIIEpAIBAAKCAQEAqle/FejTJDQuevGiw/CxTrLPIZfJVhubA70imCinc5o+SZhu\npiLkpnrjiGBSQf6B2pYuj2WPTOaZsuNn0Z4i4kKa/nGtfRj3PBZUJXpuzYge+v0j\nvudTaX7xu2dyUAMAne6OBG0c08mc1c/e7JOsxo/deQs+/05dWt4L2bbCS8P9GNFX\nPKYV7TTSXeR0lqD4mlMmUl2ebf8nCOjl4JeCidEV0Ydgj/EmLMBirovWJDyGp11N\nlDP9liqMNVEoDwdFsCW/TAbh6pKPN4NcdXIaqsJC3FqvKuPKYbjhebt87muedLrw\nkHU4mjk8BvvJVOaeVxv26kBmbmuzAsDvnY3v6QIDAQABAoIBAQCM/NFQrgLMDVCH\nO6YvLPFkJMUhlcLzvSeBYbLXY5atLPXu7fZvFaRQUpgukSKkMqWBqRniX/nKeXav\nRF7ydUOEKAKnJKmmR9qh5g1Bc+NvxAF4VbqXUFmOkJ49MTLBHKsPDJqI+VKJzG49\n3a4x+0xekEaL4A4FO/QyuGPwj76i+7uxaiOA/vMtICZ9wY6+qW4JXSzCKeLZdKBP\noAEQZXXIBRUq+ygnk0/y2meakfbzhJ+JC3MRfFYlyaI70y7/Qod6iRnQ/jt8IkLT\nckgzoMgSDZwn2NMB9qeVTTp/M9mDbDYr9bU6B7hLif2YGCVSl7iM4GWSqJvSQxbF\nFlhzavdNAoGBAM3OWTkb7RN5Y5Jbxkn1Lb2RgHSHsasx9yLZ1kOw/T22z16uGXEC\nXqAchZgPQ15ypX1Bmqk5LdSXoutMfx8I1BeIdqgMuxtnC4ORm3PqmxY6Jmr+shwx\n38jjKiD2RX1oNbjV2ADvN+ji2ZbA7r2k2fhQjRcE4YKr1/aWeSQWCvsjAoGBANPj\nOLAdljin0e5zc6YFYoBbAehneCrtgFKB77OEz45QZ4+2HCyoXhP+Ar2SqRLFA0Oc\nAtYOlJKnZjzrfpOO9FiXrM4Oh3XzPBEjYzUA4SWV8j3/myEB1VFkGw8emUq7pC3z\ncRAhK9ttMO02bj3p8+m28e9RrXxsJQCOvxZeHC+DAoGAJvyjHFV0+M5zFWO7UYFX\ns+SfX/PgrVyew4ReuZ4Kqyk5aWczvJvFTzF4AVFK4tZ3ER5fbRU+4FoFa+um3Tsv\n6nFYgQdAXrWLkdYAi9nynShQ5M3w8bRk/0pBTdM5YMNgAe7Ip4ypm711mMBduaFE\nBW1E/QpYqgdhtv3UXwip9d8CgYEAqVwB8IsFim1hGAYB1x6Qt+WGJdumKjHBkrE3\nBbdPKwJLdIvsAynkYHh0elAigdUlIcIuZigrSvkwd9sHRixKVBGP1ve4AGgVh+FQ\nJ4p3a1Jp2HJY7U4I0lCAbFpZzmki9nOR2IGbC31AUSpjfWtlQVawFEilsUDDZqmy\nRM+eGb8CgYB3TA6J2jABes8ULuFqI+Kwr/SPQMKclz3zBYCJ3kcHPRrBqEo1HlYS\nbSUlYjMDNxa/+WAyIXElHlqbFeUJBFEIyL0zBMdQPc1bcJkK51n+zc9B9RbTnx05\nQbOwR2AlSnjLI7qJYdil2AzoP1QYIbsPhY5AEVOJPLHrMVhj9fKA8w==\n-----END RSA PRIVATE KEY-----\n",
            "content_base64": null,
            "directory_permission": "0700",
            "file_permission": "0400",
            "filename": "homework-aca-keypair.pem",
            "id": "0ec9a13492edd02d4019b64c110e0045932cf9f5",
            "source": null
          },
          "sensitive_attributes": [
            [
              {
                "type": "get_attr",
                "value": "content"
              }
            ]
          ],
          "private": "bnVsbA==",
          "dependencies": [
            "tls_private_key.key"
          ]
        }
      ]
    },
    {
      "mode": "managed",
      "type": "tls_private_key",
      "name": "key",
      "provider": "provider[\"registry.terraform.io/hashicorp/tls\"]",
      "instances": [
        {
          "schema_version": 1,
          "attributes": {
            "algorithm": "RSA",
            "ecdsa_curve": "P224",
            "id": "761ec9d6d41baa4a7b9920fd91f8d754a8db56cf",
            "private_key_openssh": "-----BEGIN OPENSSH PRIVATE KEY-----\nb3BlbnNzaC1rZXktdjEAAAAABG5vbmUAAAAEbm9uZQAAAAAAAAABAAABFwAAAAdz\nc2gtcnNhAAAAAwEAAQAAAQEAqle/FejTJDQuevGiw/CxTrLPIZfJVhubA70imCin\nc5o+SZhupiLkpnrjiGBSQf6B2pYuj2WPTOaZsuNn0Z4i4kKa/nGtfRj3PBZUJXpu\nzYge+v0jvudTaX7xu2dyUAMAne6OBG0c08mc1c/e7JOsxo/deQs+/05dWt4L2bbC\nS8P9GNFXPKYV7TTSXeR0lqD4mlMmUl2ebf8nCOjl4JeCidEV0Ydgj/EmLMBirovW\nJDyGp11NlDP9liqMNVEoDwdFsCW/TAbh6pKPN4NcdXIaqsJC3FqvKuPKYbjhebt8\n7muedLrwkHU4mjk8BvvJVOaeVxv26kBmbmuzAsDvnY3v6QAAA7hUUmmjVFJpowAA\nAAdzc2gtcnNhAAABAQCqV78V6NMkNC568aLD8LFOss8hl8lWG5sDvSKYKKdzmj5J\nmG6mIuSmeuOIYFJB/oHali6PZY9M5pmy42fRniLiQpr+ca19GPc8FlQlem7NiB76\n/SO+51NpfvG7Z3JQAwCd7o4EbRzTyZzVz97sk6zGj915Cz7/Tl1a3gvZtsJLw/0Y\n0Vc8phXtNNJd5HSWoPiaUyZSXZ5t/ycI6OXgl4KJ0RXRh2CP8SYswGKui9YkPIan\nXU2UM/2WKow1USgPB0WwJb9MBuHqko83g1x1chqqwkLcWq8q48phuOF5u3zua550\nuvCQdTiaOTwG+8lU5p5XG/bqQGZua7MCwO+dje/pAAAAAwEAAQAAAQEAjPzRUK4C\nzA1QhzumLyzxZCTFIZXC870ngWGy12OWrSz17u32bxWkUFKYLpEipDKlgakZ4l/5\nynl2r0Re8nVDhCgCpySppkfaoeYNQXPjb8QBeFW6l1BZjpCePTEywRyrDwyaiPlS\nicxuPd2uMftMXpBGi+AOBTv0Mrhj8I++ovu7sWojgP7zLSAmfcGOvqluCV0swini\n2XSgT6ABEGV1yAUVKvsoJ5NP8tpnmpH284SfiQtzEXxWJcmiO9Mu/0KHeokZ0P47\nfCJC03JIM6DIEg2cJ9jTAfanlU06fzPZg2w2K/W1Oge4S4n9mBglUpe4jOBlkqib\n0kMWxRZYc2r3TQAAAIB3TA6J2jABes8ULuFqI+Kwr/SPQMKclz3zBYCJ3kcHPRrB\nqEo1HlYSbSUlYjMDNxa/+WAyIXElHlqbFeUJBFEIyL0zBMdQPc1bcJkK51n+zc9B\n9RbTnx05QbOwR2AlSnjLI7qJYdil2AzoP1QYIbsPhY5AEVOJPLHrMVhj9fKA8wAA\nAIEAzc5ZORvtE3ljklvGSfUtvZGAdIexqzH3ItnWQ7D9PbbPXq4ZcQJeoByFmA9D\nXnKlfUGaqTkt1Jei60x/HwjUF4h2qAy7G2cLg5Gbc+qbFjomav6yHDHfyOMqIPZF\nfWg1uNXYAO836OLZlsDuvaTZ+FCNFwThgqvX9pZ5JBYK+yMAAACBANPjOLAdljin\n0e5zc6YFYoBbAehneCrtgFKB77OEz45QZ4+2HCyoXhP+Ar2SqRLFA0OcAtYOlJKn\nZjzrfpOO9FiXrM4Oh3XzPBEjYzUA4SWV8j3/myEB1VFkGw8emUq7pC3zcRAhK9tt\nMO02bj3p8+m28e9RrXxsJQCOvxZeHC+DAAAAAAEC\n-----END OPENSSH PRIVATE KEY-----\n",
            "private_key_pem": "-----BEGIN RSA PRIVATE KEY-----\nMIIEpAIBAAKCAQEAqle/FejTJDQuevGiw/CxTrLPIZfJVhubA70imCinc5o+SZhu\npiLkpnrjiGBSQf6B2pYuj2WPTOaZsuNn0Z4i4kKa/nGtfRj3PBZUJXpuzYge+v0j\nvudTaX7xu2dyUAMAne6OBG0c08mc1c/e7JOsxo/deQs+/05dWt4L2bbCS8P9GNFX\nPKYV7TTSXeR0lqD4mlMmUl2ebf8nCOjl4JeCidEV0Ydgj/EmLMBirovWJDyGp11N\nlDP9liqMNVEoDwdFsCW/TAbh6pKPN4NcdXIaqsJC3FqvKuPKYbjhebt87muedLrw\nkHU4mjk8BvvJVOaeVxv26kBmbmuzAsDvnY3v6QIDAQABAoIBAQCM/NFQrgLMDVCH\nO6YvLPFkJMUhlcLzvSeBYbLXY5atLPXu7fZvFaRQUpgukSKkMqWBqRniX/nKeXav\nRF7ydUOEKAKnJKmmR9qh5g1Bc+NvxAF4VbqXUFmOkJ49MTLBHKsPDJqI+VKJzG49\n3a4x+0xekEaL4A4FO/QyuGPwj76i+7uxaiOA/vMtICZ9wY6+qW4JXSzCKeLZdKBP\noAEQZXXIBRUq+ygnk0/y2meakfbzhJ+JC3MRfFYlyaI70y7/Qod6iRnQ/jt8IkLT\nckgzoMgSDZwn2NMB9qeVTTp/M9mDbDYr9bU6B7hLif2YGCVSl7iM4GWSqJvSQxbF\nFlhzavdNAoGBAM3OWTkb7RN5Y5Jbxkn1Lb2RgHSHsasx9yLZ1kOw/T22z16uGXEC\nXqAchZgPQ15ypX1Bmqk5LdSXoutMfx8I1BeIdqgMuxtnC4ORm3PqmxY6Jmr+shwx\n38jjKiD2RX1oNbjV2ADvN+ji2ZbA7r2k2fhQjRcE4YKr1/aWeSQWCvsjAoGBANPj\nOLAdljin0e5zc6YFYoBbAehneCrtgFKB77OEz45QZ4+2HCyoXhP+Ar2SqRLFA0Oc\nAtYOlJKnZjzrfpOO9FiXrM4Oh3XzPBEjYzUA4SWV8j3/myEB1VFkGw8emUq7pC3z\ncRAhK9ttMO02bj3p8+m28e9RrXxsJQCOvxZeHC+DAoGAJvyjHFV0+M5zFWO7UYFX\ns+SfX/PgrVyew4ReuZ4Kqyk5aWczvJvFTzF4AVFK4tZ3ER5fbRU+4FoFa+um3Tsv\n6nFYgQdAXrWLkdYAi9nynShQ5M3w8bRk/0pBTdM5YMNgAe7Ip4ypm711mMBduaFE\nBW1E/QpYqgdhtv3UXwip9d8CgYEAqVwB8IsFim1hGAYB1x6Qt+WGJdumKjHBkrE3\nBbdPKwJLdIvsAynkYHh0elAigdUlIcIuZigrSvkwd9sHRixKVBGP1ve4AGgVh+FQ\nJ4p3a1Jp2HJY7U4I0lCAbFpZzmki9nOR2IGbC31AUSpjfWtlQVawFEilsUDDZqmy\nRM+eGb8CgYB3TA6J2jABes8ULuFqI+Kwr/SPQMKclz3zBYCJ3kcHPRrBqEo1HlYS\nbSUlYjMDNxa/+WAyIXElHlqbFeUJBFEIyL0zBMdQPc1bcJkK51n+zc9B9RbTnx05\nQbOwR2AlSnjLI7qJYdil2AzoP1QYIbsPhY5AEVOJPLHrMVhj9fKA8w==\n-----END RSA PRIVATE KEY-----\n",
            "private_key_pem_pkcs8": "-----BEGIN PRIVATE KEY-----\nMIIEvgIBADANBgkqhkiG9w0BAQEFAASCBKgwggSkAgEAAoIBAQCqV78V6NMkNC56\n8aLD8LFOss8hl8lWG5sDvSKYKKdzmj5JmG6mIuSmeuOIYFJB/oHali6PZY9M5pmy\n42fRniLiQpr+ca19GPc8FlQlem7NiB76/SO+51NpfvG7Z3JQAwCd7o4EbRzTyZzV\nz97sk6zGj915Cz7/Tl1a3gvZtsJLw/0Y0Vc8phXtNNJd5HSWoPiaUyZSXZ5t/ycI\n6OXgl4KJ0RXRh2CP8SYswGKui9YkPIanXU2UM/2WKow1USgPB0WwJb9MBuHqko83\ng1x1chqqwkLcWq8q48phuOF5u3zua550uvCQdTiaOTwG+8lU5p5XG/bqQGZua7MC\nwO+dje/pAgMBAAECggEBAIz80VCuAswNUIc7pi8s8WQkxSGVwvO9J4Fhstdjlq0s\n9e7t9m8VpFBSmC6RIqQypYGpGeJf+cp5dq9EXvJ1Q4QoAqckqaZH2qHmDUFz42/E\nAXhVupdQWY6Qnj0xMsEcqw8Mmoj5UonMbj3drjH7TF6QRovgDgU79DK4Y/CPvqL7\nu7FqI4D+8y0gJn3Bjr6pbgldLMIp4tl0oE+gARBldcgFFSr7KCeTT/LaZ5qR9vOE\nn4kLcxF8ViXJojvTLv9Ch3qJGdD+O3wiQtNySDOgyBINnCfY0wH2p5VNOn8z2YNs\nNiv1tToHuEuJ/ZgYJVKXuIzgZZKom9JDFsUWWHNq900CgYEAzc5ZORvtE3ljklvG\nSfUtvZGAdIexqzH3ItnWQ7D9PbbPXq4ZcQJeoByFmA9DXnKlfUGaqTkt1Jei60x/\nHwjUF4h2qAy7G2cLg5Gbc+qbFjomav6yHDHfyOMqIPZFfWg1uNXYAO836OLZlsDu\nvaTZ+FCNFwThgqvX9pZ5JBYK+yMCgYEA0+M4sB2WOKfR7nNzpgVigFsB6Gd4Ku2A\nUoHvs4TPjlBnj7YcLKheE/4CvZKpEsUDQ5wC1g6UkqdmPOt+k470WJeszg6HdfM8\nESNjNQDhJZXyPf+bIQHVUWQbDx6ZSrukLfNxECEr220w7TZuPenz6bbx71GtfGwl\nAI6/Fl4cL4MCgYAm/KMcVXT4znMVY7tRgVez5J9f8+CtXJ7DhF65ngqrKTlpZzO8\nm8VPMXgBUUri1ncRHl9tFT7gWgVr66bdOy/qcViBB0BetYuR1gCL2fKdKFDkzfDx\ntGT/SkFN0zlgw2AB7sinjKmbvXWYwF25oUQFbUT9CliqB2G2/dRfCKn13wKBgQCp\nXAHwiwWKbWEYBgHXHpC35YYl26YqMcGSsTcFt08rAkt0i+wDKeRgeHR6UCKB1SUh\nwi5mKCtK+TB32wdGLEpUEY/W97gAaBWH4VAnindrUmnYcljtTgjSUIBsWlnOaSL2\nc5HYgZsLfUBRKmN9a2VBVrAUSKWxQMNmqbJEz54ZvwKBgHdMDonaMAF6zxQu4Woj\n4rCv9I9AwpyXPfMFgIneRwc9GsGoSjUeVhJtJSViMwM3Fr/5YDIhcSUeWpsV5QkE\nUQjIvTMEx1A9zVtwmQrnWf7Nz0H1FtOfHTlBs7BHYCVKeMsjuolh2KXYDOg/VBgh\nuw+FjkARU4k8sesxWGP18oDz\n-----END PRIVATE KEY-----\n",
            "public_key_fingerprint_md5": "c8:4c:71:e3:ec:f7:52:01:d8:aa:43:5d:21:f8:23:75",
            "public_key_fingerprint_sha256": "SHA256:C31QfNy512j6DfI/65/eVmT9HUHrsl4ff2HovpGE+9w",
            "public_key_openssh": "ssh-rsa AAAAB3NzaC1yc2EAAAADAQABAAABAQCqV78V6NMkNC568aLD8LFOss8hl8lWG5sDvSKYKKdzmj5JmG6mIuSmeuOIYFJB/oHali6PZY9M5pmy42fRniLiQpr+ca19GPc8FlQlem7NiB76/SO+51NpfvG7Z3JQAwCd7o4EbRzTyZzVz97sk6zGj915Cz7/Tl1a3gvZtsJLw/0Y0Vc8phXtNNJd5HSWoPiaUyZSXZ5t/ycI6OXgl4KJ0RXRh2CP8SYswGKui9YkPIanXU2UM/2WKow1USgPB0WwJb9MBuHqko83g1x1chqqwkLcWq8q48phuOF5u3zua550uvCQdTiaOTwG+8lU5p5XG/bqQGZua7MCwO+dje/p\n",
            "public_key_pem": "-----BEGIN PUBLIC KEY-----\nMIIBIjANBgkqhkiG9w0BAQEFAAOCAQ8AMIIBCgKCAQEAqle/FejTJDQuevGiw/Cx\nTrLPIZfJVhubA70imCinc5o+SZhupiLkpnrjiGBSQf6B2pYuj2WPTOaZsuNn0Z4i\n4kKa/nGtfRj3PBZUJXpuzYge+v0jvudTaX7xu2dyUAMAne6OBG0c08mc1c/e7JOs\nxo/deQs+/05dWt4L2bbCS8P9GNFXPKYV7TTSXeR0lqD4mlMmUl2ebf8nCOjl4JeC\nidEV0Ydgj/EmLMBirovWJDyGp11NlDP9liqMNVEoDwdFsCW/TAbh6pKPN4NcdXIa\nqsJC3FqvKuPKYbjhebt87muedLrwkHU4mjk8BvvJVOaeVxv26kBmbmuzAsDvnY3v\n6QIDAQAB\n-----END PUBLIC KEY-----\n",
            "rsa_bits": 2048
          },
          "sensitive_attributes": []
        }
      ]
    }
  ]
}
